
Microsoft Visual Studio Solution File, Format Version 12.00
# Visual Studio 2017
Project("{FAE04EC0-301F-11D3-BF4B-00C04F79EFBC}") = "fx1", "fx1.csproj", "{3082E4FD-6068-B26A-6574-CD435E150127}"
EndProject
Project("{FAE04EC0-301F-11D3-BF4B-00C04F79EFBC}") = "fx1.Editor", "fx1.Editor.csproj", "{C952D9B7-7D44-B85C-9C79-7729DEA1AF71}"
EndProject
Global
	GlobalSection(SolutionConfigurationPlatforms) = preSolution
		Debug|Any CPU = Debug|Any CPU
		Release|Any CPU = Release|Any CPU
	EndGlobalSection
	GlobalSection(ProjectConfigurationPlatforms) = postSolution
		{3082E4FD-6068-B26A-6574-CD435E150127}.Debug|Any CPU.ActiveCfg = Debug|Any CPU
		{3082E4FD-6068-B26A-6574-CD435E150127}.Debug|Any CPU.Build.0 = Debug|Any CPU
		{3082E4FD-6068-B26A-6574-CD435E150127}.Release|Any CPU.ActiveCfg = Release|Any CPU
		{3082E4FD-6068-B26A-6574-CD435E150127}.Release|Any CPU.Build.0 = Release|Any CPU
		{C952D9B7-7D44-B85C-9C79-7729DEA1AF71}.Debug|Any CPU.ActiveCfg = Debug|Any CPU
		{C952D9B7-7D44-B85C-9C79-7729DEA1AF71}.Debug|Any CPU.Build.0 = Debug|Any CPU
		{C952D9B7-7D44-B85C-9C79-7729DEA1AF71}.Release|Any CPU.ActiveCfg = Release|Any CPU
		{C952D9B7-7D44-B85C-9C79-7729DEA1AF71}.Release|Any CPU.Build.0 = Release|Any CPU
	EndGlobalSection
	GlobalSection(SolutionProperties) = preSolution
		HideSolutionNode = FALSE
	EndGlobalSection
EndGlobal
